
Microsoft Visual Studio Solution File, Format Version 12.00
# Visual Studio Version 17
VisualStudioVersion = 17.11.35327.3
MinimumVisualStudioVersion = 10.0.40219.1
Project("{FAE04EC0-301F-11D3-BF4B-00C04F79EFBC}") = "Model", "Model\Model.csproj", "{05014BAA-3857-46C6-A873-C13DD08C1492}"
EndProject
Project("{FAE04EC0-301F-11D3-BF4B-00C04F79EFBC}") = "BLL", "BLL\BLL.csproj", "{868024DA-637A-4266-860F-9C089C749415}"
EndProject
Project("{FAE04EC0-301F-11D3-BF4B-00C04F79EFBC}") = "DAL", "DAL\DAL.csproj", "{67AFBC2A-27F8-4CB8-9294-B2CAA4EA55E9}"
EndProject
Project("{FAE04EC0-301F-11D3-BF4B-00C04F79EFBC}") = "AdminApi", "AdminApi\AdminApi.csproj", "{91F35E1E-0F8C-46DF-9603-EB449851FB0A}"
EndProject
Project("{FAE04EC0-301F-11D3-BF4B-00C04F79EFBC}") = "UserApi", "UserApi\UserApi.csproj", "{284ADB5D-F6CE-4C43-910B-4EAA3558942B}"
EndProject
Project("{FAE04EC0-301F-11D3-BF4B-00C04F79EFBC}") = "CoreApi", "CoreApi\CoreApi.csproj", "{7ABCB83C-E535-46F2-A29B-C792309B4CF2}"
EndProject
Global
	GlobalSection(SolutionConfigurationPlatforms) = preSolution
		Debug|Any CPU = Debug|Any CPU
		Release|Any CPU = Release|Any CPU
	EndGlobalSection
	GlobalSection(ProjectConfigurationPlatforms) = postSolution
		{05014BAA-3857-46C6-A873-C13DD08C1492}.Debug|Any CPU.ActiveCfg = Debug|Any CPU
		{05014BAA-3857-46C6-A873-C13DD08C1492}.Debug|Any CPU.Build.0 = Debug|Any CPU
		{05014BAA-3857-46C6-A873-C13DD08C1492}.Release|Any CPU.ActiveCfg = Release|Any CPU
		{05014BAA-3857-46C6-A873-C13DD08C1492}.Release|Any CPU.Build.0 = Release|Any CPU
		{868024DA-637A-4266-860F-9C089C749415}.Debug|Any CPU.ActiveCfg = Debug|Any CPU
		{868024DA-637A-4266-860F-9C089C749415}.Debug|Any CPU.Build.0 = Debug|Any CPU
		{868024DA-637A-4266-860F-9C089C749415}.Release|Any CPU.ActiveCfg = Release|Any CPU
		{868024DA-637A-4266-860F-9C089C749415}.Release|Any CPU.Build.0 = Release|Any CPU
		{67AFBC2A-27F8-4CB8-9294-B2CAA4EA55E9}.Debug|Any CPU.ActiveCfg = Debug|Any CPU
		{67AFBC2A-27F8-4CB8-9294-B2CAA4EA55E9}.Debug|Any CPU.Build.0 = Debug|Any CPU
		{67AFBC2A-27F8-4CB8-9294-B2CAA4EA55E9}.Release|Any CPU.ActiveCfg = Release|Any CPU
		{67AFBC2A-27F8-4CB8-9294-B2CAA4EA55E9}.Release|Any CPU.Build.0 = Release|Any CPU
		{91F35E1E-0F8C-46DF-9603-EB449851FB0A}.Debug|Any CPU.ActiveCfg = Debug|Any CPU
		{91F35E1E-0F8C-46DF-9603-EB449851FB0A}.Debug|Any CPU.Build.0 = Debug|Any CPU
		{91F35E1E-0F8C-46DF-9603-EB449851FB0A}.Release|Any CPU.ActiveCfg = Release|Any CPU
		{91F35E1E-0F8C-46DF-9603-EB449851FB0A}.Release|Any CPU.Build.0 = Release|Any CPU
		{284ADB5D-F6CE-4C43-910B-4EAA3558942B}.Debug|Any CPU.ActiveCfg = Debug|Any CPU
		{284ADB5D-F6CE-4C43-910B-4EAA3558942B}.Debug|Any CPU.Build.0 = Debug|Any CPU
		{284ADB5D-F6CE-4C43-910B-4EAA3558942B}.Release|Any CPU.ActiveCfg = Release|Any CPU
		{284ADB5D-F6CE-4C43-910B-4EAA3558942B}.Release|Any CPU.Build.0 = Release|Any CPU
		{7ABCB83C-E535-46F2-A29B-C792309B4CF2}.Debug|Any CPU.ActiveCfg = Debug|Any CPU
		{7ABCB83C-E535-46F2-A29B-C792309B4CF2}.Debug|Any CPU.Build.0 = Debug|Any CPU
		{7ABCB83C-E535-46F2-A29B-C792309B4CF2}.Release|Any CPU.ActiveCfg = Release|Any CPU
		{7ABCB83C-E535-46F2-A29B-C792309B4CF2}.Release|Any CPU.Build.0 = Release|Any CPU
	EndGlobalSection
	GlobalSection(SolutionProperties) = preSolution
		HideSolutionNode = FALSE
	EndGlobalSection
	GlobalSection(ExtensibilityGlobals) = postSolution
		SolutionGuid = {6A73C7C6-8559-4457-8E8C-D83CB5341F6D}
	EndGlobalSection
EndGlobal
